
Microsoft Visual Studio Solution File, Format Version 12.00
# Visual Studio Version 17
VisualStudioVersion = 17.12.35209.166
MinimumVisualStudioVersion = 10.0.40219.1
Project("{FAE04EC0-301F-11D3-BF4B-00C04F79EFBC}") = "BilgiYarismasi", "BilgiYarismasi\BilgiYarismasi.csproj", "{D9D737B6-865E-48E9-9EFC-4E80CF456130}"
EndProject
Global
	GlobalSection(SolutionConfigurationPlatforms) = preSolution
		Debug|Any CPU = Debug|Any CPU
		Release|Any CPU = Release|Any CPU
	EndGlobalSection
	GlobalSection(ProjectConfigurationPlatforms) = postSolution
		{D9D737B6-865E-48E9-9EFC-4E80CF456130}.Debug|Any CPU.ActiveCfg = Debug|Any CPU
		{D9D737B6-865E-48E9-9EFC-4E80CF456130}.Debug|Any CPU.Build.0 = Debug|Any CPU
		{D9D737B6-865E-48E9-9EFC-4E80CF456130}.Release|Any CPU.ActiveCfg = Release|Any CPU
		{D9D737B6-865E-48E9-9EFC-4E80CF456130}.Release|Any CPU.Build.0 = Release|Any CPU
	EndGlobalSection
	GlobalSection(SolutionProperties) = preSolution
		HideSolutionNode = FALSE
	EndGlobalSection
	GlobalSection(ExtensibilityGlobals) = postSolution
		SolutionGuid = {53A121FE-ADEA-48F1-A57F-EA42693950FA}
	EndGlobalSection
EndGlobal
